
Microsoft Visual Studio Solution File, Format Version 12.00
# Visual Studio 2013
VisualStudioVersion = 12.0.21005.1
MinimumVisualStudioVersion = 10.0.40219.1
Project("{8BC9CEB8-8B4A-11D0-8D11-00A0C91BC942}") = "VapourSynth", "Core\Core.vcxproj", "{8C2696F2-47FC-425A-989E-9C02AE4E76D2}"
EndProject
Project("{8BC9CEB8-8B4A-11D0-8D11-00A0C91BC942}") = "VSVFW", "VSVFW\VSVFW.vcxproj", "{2B4C263D-1EF9-4656-8E15-FBF7C1B91BE0}"
	ProjectSection(ProjectDependencies) = postProject
		{4E14AA50-4E33-4815-B2F1-94AA86365CEB} = {4E14AA50-4E33-4815-B2F1-94AA86365CEB}
	EndProjectSection
EndProject
Project("{8BC9CEB8-8B4A-11D0-8D11-00A0C91BC942}") = "VSScript", "VSScript\VSScript.vcxproj", "{4E14AA50-4E33-4815-B2F1-94AA86365CEB}"
	ProjectSection(ProjectDependencies) = postProject
		{8C2696F2-47FC-425A-989E-9C02AE4E76D2} = {8C2696F2-47FC-425A-989E-9C02AE4E76D2}
	EndProjectSection
EndProject
Project("{8BC9CEB8-8B4A-11D0-8D11-00A0C91BC942}") = "VSFS", "VSFS\VSFS.vcxproj", "{FFC42A4E-DFEF-4AE8-A1CC-84A80ECD53BD}"
	ProjectSection(ProjectDependencies) = postProject
		{4E14AA50-4E33-4815-B2F1-94AA86365CEB} = {4E14AA50-4E33-4815-B2F1-94AA86365CEB}
	EndProjectSection
EndProject
Project("{8BC9CEB8-8B4A-11D0-8D11-00A0C91BC942}") = "VSPipe", "VSPipe\VSPipe.vcxproj", "{E7C70C40-7372-477F-A555-50E13EB0C323}"
	ProjectSection(ProjectDependencies) = postProject
		{4E14AA50-4E33-4815-B2F1-94AA86365CEB} = {4E14AA50-4E33-4815-B2F1-94AA86365CEB}
	EndProjectSection
EndProject
Project("{8BC9CEB8-8B4A-11D0-8D11-00A0C91BC942}") = "RemoveGrainVS", "RemoveGrainVS\RemoveGrainVS.vcxproj", "{64B2613C-5B82-4038-8C77-EB9F3D42E39D}"
EndProject
Project("{8BC9CEB8-8B4A-11D0-8D11-00A0C91BC942}") = "Vinverse", "Vinverse\Vinverse.vcxproj", "{476CA261-3588-4889-BE44-358203B1025B}"
EndProject
Project("{8BC9CEB8-8B4A-11D0-8D11-00A0C91BC942}") = "VIVTC", "VIVTC\VIVTC.vcxproj", "{FF30D074-47D8-493C-800C-461EEE154525}"
EndProject
Project("{8BC9CEB8-8B4A-11D0-8D11-00A0C91BC942}") = "EEDI3", "EEDI3\EEDI3.vcxproj", "{F0D1A580-AEAF-429E-9A3F-E06A5FBB8E35}"
EndProject
Global
	GlobalSection(SolutionConfigurationPlatforms) = preSolution
		Debug|Win32 = Debug|Win32
		Debug|x64 = Debug|x64
		Release|Win32 = Release|Win32
		Release|x64 = Release|x64
	EndGlobalSection
	GlobalSection(ProjectConfigurationPlatforms) = postSolution
		{8C2696F2-47FC-425A-989E-9C02AE4E76D2}.Debug|Win32.ActiveCfg = Debug|Win32
		{8C2696F2-47FC-425A-989E-9C02AE4E76D2}.Debug|Win32.Build.0 = Debug|Win32
		{8C2696F2-47FC-425A-989E-9C02AE4E76D2}.Debug|x64.ActiveCfg = Debug|x64
		{8C2696F2-47FC-425A-989E-9C02AE4E76D2}.Debug|x64.Build.0 = Debug|x64
		{8C2696F2-47FC-425A-989E-9C02AE4E76D2}.Release|Win32.ActiveCfg = Release|Win32
		{8C2696F2-47FC-425A-989E-9C02AE4E76D2}.Release|Win32.Build.0 = Release|Win32
		{8C2696F2-47FC-425A-989E-9C02AE4E76D2}.Release|x64.ActiveCfg = Release|x64
		{8C2696F2-47FC-425A-989E-9C02AE4E76D2}.Release|x64.Build.0 = Release|x64
		{2B4C263D-1EF9-4656-8E15-FBF7C1B91BE0}.Debug|Win32.ActiveCfg = Debug|Win32
		{2B4C263D-1EF9-4656-8E15-FBF7C1B91BE0}.Debug|Win32.Build.0 = Debug|Win32
		{2B4C263D-1EF9-4656-8E15-FBF7C1B91BE0}.Debug|x64.ActiveCfg = Debug|x64
		{2B4C263D-1EF9-4656-8E15-FBF7C1B91BE0}.Debug|x64.Build.0 = Debug|x64
		{2B4C263D-1EF9-4656-8E15-FBF7C1B91BE0}.Release|Win32.ActiveCfg = Release|Win32
		{2B4C263D-1EF9-4656-8E15-FBF7C1B91BE0}.Release|Win32.Build.0 = Release|Win32
		{2B4C263D-1EF9-4656-8E15-FBF7C1B91BE0}.Release|x64.ActiveCfg = Release|x64
		{2B4C263D-1EF9-4656-8E15-FBF7C1B91BE0}.Release|x64.Build.0 = Release|x64
		{4E14AA50-4E33-4815-B2F1-94AA86365CEB}.Debug|Win32.ActiveCfg = Debug|Win32
		{4E14AA50-4E33-4815-B2F1-94AA86365CEB}.Debug|Win32.Build.0 = Debug|Win32
		{4E14AA50-4E33-4815-B2F1-94AA86365CEB}.Debug|x64.ActiveCfg = Debug|x64
		{4E14AA50-4E33-4815-B2F1-94AA86365CEB}.Debug|x64.Build.0 = Debug|x64
		{4E14AA50-4E33-4815-B2F1-94AA86365CEB}.Release|Win32.ActiveCfg = Release|Win32
		{4E14AA50-4E33-4815-B2F1-94AA86365CEB}.Release|Win32.Build.0 = Release|Win32
		{4E14AA50-4E33-4815-B2F1-94AA86365CEB}.Release|x64.ActiveCfg = Release|x64
		{4E14AA50-4E33-4815-B2F1-94AA86365CEB}.Release|x64.Build.0 = Release|x64
		{FFC42A4E-DFEF-4AE8-A1CC-84A80ECD53BD}.Debug|Win32.ActiveCfg = Debug|Win32
		{FFC42A4E-DFEF-4AE8-A1CC-84A80ECD53BD}.Debug|Win32.Build.0 = Debug|Win32
		{FFC42A4E-DFEF-4AE8-A1CC-84A80ECD53BD}.Debug|x64.ActiveCfg = Debug|x64
		{FFC42A4E-DFEF-4AE8-A1CC-84A80ECD53BD}.Debug|x64.Build.0 = Debug|x64
		{FFC42A4E-DFEF-4AE8-A1CC-84A80ECD53BD}.Release|Win32.ActiveCfg = Release|Win32
		{FFC42A4E-DFEF-4AE8-A1CC-84A80ECD53BD}.Release|Win32.Build.0 = Release|Win32
		{FFC42A4E-DFEF-4AE8-A1CC-84A80ECD53BD}.Release|x64.ActiveCfg = Release|x64
		{FFC42A4E-DFEF-4AE8-A1CC-84A80ECD53BD}.Release|x64.Build.0 = Release|x64
		{E7C70C40-7372-477F-A555-50E13EB0C323}.Debug|Win32.ActiveCfg = Debug|Win32
		{E7C70C40-7372-477F-A555-50E13EB0C323}.Debug|Win32.Build.0 = Debug|Win32
		{E7C70C40-7372-477F-A555-50E13EB0C323}.Debug|x64.ActiveCfg = Debug|x64
		{E7C70C40-7372-477F-A555-50E13EB0C323}.Debug|x64.Build.0 = Debug|x64
		{E7C70C40-7372-477F-A555-50E13EB0C323}.Release|Win32.ActiveCfg = Release|Win32
		{E7C70C40-7372-477F-A555-50E13EB0C323}.Release|Win32.Build.0 = Release|Win32
		{E7C70C40-7372-477F-A555-50E13EB0C323}.Release|x64.ActiveCfg = Release|x64
		{E7C70C40-7372-477F-A555-50E13EB0C323}.Release|x64.Build.0 = Release|x64
		{64B2613C-5B82-4038-8C77-EB9F3D42E39D}.Debug|Win32.ActiveCfg = Debug|Win32
		{64B2613C-5B82-4038-8C77-EB9F3D42E39D}.Debug|Win32.Build.0 = Debug|Win32
		{64B2613C-5B82-4038-8C77-EB9F3D42E39D}.Debug|x64.ActiveCfg = Debug|x64
		{64B2613C-5B82-4038-8C77-EB9F3D42E39D}.Debug|x64.Build.0 = Debug|x64
		{64B2613C-5B82-4038-8C77-EB9F3D42E39D}.Release|Win32.ActiveCfg = Release|Win32
		{64B2613C-5B82-4038-8C77-EB9F3D42E39D}.Release|Win32.Build.0 = Release|Win32
		{64B2613C-5B82-4038-8C77-EB9F3D42E39D}.Release|x64.ActiveCfg = Release|x64
		{64B2613C-5B82-4038-8C77-EB9F3D42E39D}.Release|x64.Build.0 = Release|x64
		{476CA261-3588-4889-BE44-358203B1025B}.Debug|Win32.ActiveCfg = Debug|Win32
		{476CA261-3588-4889-BE44-358203B1025B}.Debug|Win32.Build.0 = Debug|Win32
		{476CA261-3588-4889-BE44-358203B1025B}.Debug|x64.ActiveCfg = Debug|x64
		{476CA261-3588-4889-BE44-358203B1025B}.Debug|x64.Build.0 = Debug|x64
		{476CA261-3588-4889-BE44-358203B1025B}.Release|Win32.ActiveCfg = Release|Win32
		{476CA261-3588-4889-BE44-358203B1025B}.Release|Win32.Build.0 = Release|Win32
		{476CA261-3588-4889-BE44-358203B1025B}.Release|x64.ActiveCfg = Release|x64
		{476CA261-3588-4889-BE44-358203B1025B}.Release|x64.Build.0 = Release|x64
		{FF30D074-47D8-493C-800C-461EEE154525}.Debug|Win32.ActiveCfg = Debug|Win32
		{FF30D074-47D8-493C-800C-461EEE154525}.Debug|Win32.Build.0 = Debug|Win32
		{FF30D074-47D8-493C-800C-461EEE154525}.Debug|x64.ActiveCfg = Debug|x64
		{FF30D074-47D8-493C-800C-461EEE154525}.Debug|x64.Build.0 = Debug|x64
		{FF30D074-47D8-493C-800C-461EEE154525}.Release|Win32.ActiveCfg = Release|Win32
		{FF30D074-47D8-493C-800C-461EEE154525}.Release|Win32.Build.0 = Release|Win32
		{FF30D074-47D8-493C-800C-461EEE154525}.Release|x64.ActiveCfg = Release|x64
		{FF30D074-47D8-493C-800C-461EEE154525}.Release|x64.Build.0 = Release|x64
		{F0D1A580-AEAF-429E-9A3F-E06A5FBB8E35}.Debug|Win32.ActiveCfg = Debug|Win32
		{F0D1A580-AEAF-429E-9A3F-E06A5FBB8E35}.Debug|Win32.Build.0 = Debug|Win32
		{F0D1A580-AEAF-429E-9A3F-E06A5FBB8E35}.Debug|x64.ActiveCfg = Debug|x64
		{F0D1A580-AEAF-429E-9A3F-E06A5FBB8E35}.Debug|x64.Build.0 = Debug|x64
		{F0D1A580-AEAF-429E-9A3F-E06A5FBB8E35}.Release|Win32.ActiveCfg = Release|Win32
		{F0D1A580-AEAF-429E-9A3F-E06A5FBB8E35}.Release|Win32.Build.0 = Release|Win32
		{F0D1A580-AEAF-429E-9A3F-E06A5FBB8E35}.Release|x64.ActiveCfg = Release|x64
		{F0D1A580-AEAF-429E-9A3F-E06A5FBB8E35}.Release|x64.Build.0 = Release|x64
	EndGlobalSection
	GlobalSection(SolutionProperties) = preSolution
		HideSolutionNode = FALSE
	EndGlobalSection
EndGlobal
