
Microsoft Visual Studio Solution File, Format Version 12.00
# Visual Studio Version 16
VisualStudioVersion = 16.0.31605.320
MinimumVisualStudioVersion = 10.0.40219.1
Project("{8BC9CEB8-8B4A-11D0-8D11-00A0C91BC942}") = "VapourSynth", "Core\Core.vcxproj", "{8C2696F2-47FC-425A-989E-9C02AE4E76D2}"
	ProjectSection(ProjectDependencies) = postProject
		{C8629E57-4D6F-40FA-82FC-B39824195932} = {C8629E57-4D6F-40FA-82FC-B39824195932}
	EndProjectSection
EndProject
Project("{8BC9CEB8-8B4A-11D0-8D11-00A0C91BC942}") = "VSVFW", "VSVFW\VSVFW.vcxproj", "{2B4C263D-1EF9-4656-8E15-FBF7C1B91BE0}"
	ProjectSection(ProjectDependencies) = postProject
		{0955E601-DABB-442D-AFFF-EB4B2BF331FD} = {0955E601-DABB-442D-AFFF-EB4B2BF331FD}
		{4E14AA50-4E33-4815-B2F1-94AA86365CEB} = {4E14AA50-4E33-4815-B2F1-94AA86365CEB}
	EndProjectSection
EndProject
Project("{8BC9CEB8-8B4A-11D0-8D11-00A0C91BC942}") = "VSScript", "VSScript\VSScript.vcxproj", "{4E14AA50-4E33-4815-B2F1-94AA86365CEB}"
	ProjectSection(ProjectDependencies) = postProject
		{8C2696F2-47FC-425A-989E-9C02AE4E76D2} = {8C2696F2-47FC-425A-989E-9C02AE4E76D2}
	EndProjectSection
EndProject
Project("{8BC9CEB8-8B4A-11D0-8D11-00A0C91BC942}") = "VSPipe", "VSPipe\VSPipe.vcxproj", "{E7C70C40-7372-477F-A555-50E13EB0C323}"
	ProjectSection(ProjectDependencies) = postProject
		{4E14AA50-4E33-4815-B2F1-94AA86365CEB} = {4E14AA50-4E33-4815-B2F1-94AA86365CEB}
	EndProjectSection
EndProject
Project("{8BC9CEB8-8B4A-11D0-8D11-00A0C91BC942}") = "RemoveGrainVS", "RemoveGrainVS\RemoveGrainVS.vcxproj", "{64B2613C-5B82-4038-8C77-EB9F3D42E39D}"
EndProject
Project("{8BC9CEB8-8B4A-11D0-8D11-00A0C91BC942}") = "Vinverse", "Vinverse\Vinverse.vcxproj", "{476CA261-3588-4889-BE44-358203B1025B}"
EndProject
Project("{8BC9CEB8-8B4A-11D0-8D11-00A0C91BC942}") = "VIVTC", "VIVTC\VIVTC.vcxproj", "{FF30D074-47D8-493C-800C-461EEE154525}"
EndProject
Project("{8BC9CEB8-8B4A-11D0-8D11-00A0C91BC942}") = "EEDI3", "EEDI3\EEDI3.vcxproj", "{F0D1A580-AEAF-429E-9A3F-E06A5FBB8E35}"
EndProject
Project("{2150E333-8FDC-42A3-9474-1A3956D46DE8}") = "zimg", "zimg", "{F525D60C-7AA0-4CE8-A959-237CEF39CC5E}"
EndProject
Project("{8BC9CEB8-8B4A-11D0-8D11-00A0C91BC942}") = "zimg", "..\zimg\_msvc\zimg\zimg.vcxproj", "{C8629E57-4D6F-40FA-82FC-B39824195932}"
EndProject
Project("{8BC9CEB8-8B4A-11D0-8D11-00A0C91BC942}") = "AvsCompat", "AvsCompat\AvsCompat.vcxproj", "{4965ED05-2B79-427D-A8AB-38CD9B23EBF7}"
	ProjectSection(ProjectDependencies) = postProject
		{0955E601-DABB-442D-AFFF-EB4B2BF331FD} = {0955E601-DABB-442D-AFFF-EB4B2BF331FD}
	EndProjectSection
EndProject
Project("{8BC9CEB8-8B4A-11D0-8D11-00A0C91BC942}") = "AVFS", "AVFS\AVFS.vcxproj", "{58FE3116-5843-4C7A-90DA-21A13C8181CC}"
	ProjectSection(ProjectDependencies) = postProject
		{0955E601-DABB-442D-AFFF-EB4B2BF331FD} = {0955E601-DABB-442D-AFFF-EB4B2BF331FD}
		{4E14AA50-4E33-4815-B2F1-94AA86365CEB} = {4E14AA50-4E33-4815-B2F1-94AA86365CEB}
	EndProjectSection
EndProject
Project("{8BC9CEB8-8B4A-11D0-8D11-00A0C91BC942}") = "MiscFilters", "MiscFilters\MiscFilters.vcxproj", "{A4161FA6-56F1-4A99-B291-3318458AB703}"
EndProject
Project("{8BC9CEB8-8B4A-11D0-8D11-00A0C91BC942}") = "Morpho", "Morpho\Morpho.vcxproj", "{8FC3C1C8-3D0B-4B5D-AD92-80A02FA49FAE}"
EndProject
Project("{8BC9CEB8-8B4A-11D0-8D11-00A0C91BC942}") = "VSScriptPython38", "VSScriptPython38\VSScriptPython38.vcxproj", "{F5D873AB-FA93-4F20-9643-5A291FDB4EE9}"
EndProject
Project("{2150E333-8FDC-42A3-9474-1A3956D46DE8}") = "libp2p", "libp2p", "{D18C9279-354A-4562-A07B-E58E19A7DE98}"
EndProject
Project("{8BC9CEB8-8B4A-11D0-8D11-00A0C91BC942}") = "libp2p_simd", "..\libp2p\_msvc\libp2p_simd\libp2p_simd.vcxproj", "{0955E601-DABB-442D-AFFF-EB4B2BF331FD}"
EndProject
Global
	GlobalSection(SolutionConfigurationPlatforms) = preSolution
		Debug|Win32 = Debug|Win32
		Debug|x64 = Debug|x64
		Release|Win32 = Release|Win32
		Release|x64 = Release|x64
	EndGlobalSection
	GlobalSection(ProjectConfigurationPlatforms) = postSolution
		{8C2696F2-47FC-425A-989E-9C02AE4E76D2}.Debug|Win32.ActiveCfg = Debug|Win32
		{8C2696F2-47FC-425A-989E-9C02AE4E76D2}.Debug|Win32.Build.0 = Debug|Win32
		{8C2696F2-47FC-425A-989E-9C02AE4E76D2}.Debug|x64.ActiveCfg = Debug|x64
		{8C2696F2-47FC-425A-989E-9C02AE4E76D2}.Debug|x64.Build.0 = Debug|x64
		{8C2696F2-47FC-425A-989E-9C02AE4E76D2}.Release|Win32.ActiveCfg = Release|Win32
		{8C2696F2-47FC-425A-989E-9C02AE4E76D2}.Release|Win32.Build.0 = Release|Win32
		{8C2696F2-47FC-425A-989E-9C02AE4E76D2}.Release|x64.ActiveCfg = Release|x64
		{8C2696F2-47FC-425A-989E-9C02AE4E76D2}.Release|x64.Build.0 = Release|x64
		{2B4C263D-1EF9-4656-8E15-FBF7C1B91BE0}.Debug|Win32.ActiveCfg = Debug|Win32
		{2B4C263D-1EF9-4656-8E15-FBF7C1B91BE0}.Debug|Win32.Build.0 = Debug|Win32
		{2B4C263D-1EF9-4656-8E15-FBF7C1B91BE0}.Debug|x64.ActiveCfg = Debug|x64
		{2B4C263D-1EF9-4656-8E15-FBF7C1B91BE0}.Debug|x64.Build.0 = Debug|x64
		{2B4C263D-1EF9-4656-8E15-FBF7C1B91BE0}.Release|Win32.ActiveCfg = Release|Win32
		{2B4C263D-1EF9-4656-8E15-FBF7C1B91BE0}.Release|Win32.Build.0 = Release|Win32
		{2B4C263D-1EF9-4656-8E15-FBF7C1B91BE0}.Release|x64.ActiveCfg = Release|x64
		{2B4C263D-1EF9-4656-8E15-FBF7C1B91BE0}.Release|x64.Build.0 = Release|x64
		{4E14AA50-4E33-4815-B2F1-94AA86365CEB}.Debug|Win32.ActiveCfg = Debug|Win32
		{4E14AA50-4E33-4815-B2F1-94AA86365CEB}.Debug|Win32.Build.0 = Debug|Win32
		{4E14AA50-4E33-4815-B2F1-94AA86365CEB}.Debug|x64.ActiveCfg = Debug|x64
		{4E14AA50-4E33-4815-B2F1-94AA86365CEB}.Debug|x64.Build.0 = Debug|x64
		{4E14AA50-4E33-4815-B2F1-94AA86365CEB}.Release|Win32.ActiveCfg = Release|Win32
		{4E14AA50-4E33-4815-B2F1-94AA86365CEB}.Release|Win32.Build.0 = Release|Win32
		{4E14AA50-4E33-4815-B2F1-94AA86365CEB}.Release|x64.ActiveCfg = Release|x64
		{4E14AA50-4E33-4815-B2F1-94AA86365CEB}.Release|x64.Build.0 = Release|x64
		{E7C70C40-7372-477F-A555-50E13EB0C323}.Debug|Win32.ActiveCfg = Debug|Win32
		{E7C70C40-7372-477F-A555-50E13EB0C323}.Debug|Win32.Build.0 = Debug|Win32
		{E7C70C40-7372-477F-A555-50E13EB0C323}.Debug|x64.ActiveCfg = Debug|x64
		{E7C70C40-7372-477F-A555-50E13EB0C323}.Debug|x64.Build.0 = Debug|x64
		{E7C70C40-7372-477F-A555-50E13EB0C323}.Release|Win32.ActiveCfg = Release|Win32
		{E7C70C40-7372-477F-A555-50E13EB0C323}.Release|Win32.Build.0 = Release|Win32
		{E7C70C40-7372-477F-A555-50E13EB0C323}.Release|x64.ActiveCfg = Release|x64
		{E7C70C40-7372-477F-A555-50E13EB0C323}.Release|x64.Build.0 = Release|x64
		{64B2613C-5B82-4038-8C77-EB9F3D42E39D}.Debug|Win32.ActiveCfg = Debug|Win32
		{64B2613C-5B82-4038-8C77-EB9F3D42E39D}.Debug|Win32.Build.0 = Debug|Win32
		{64B2613C-5B82-4038-8C77-EB9F3D42E39D}.Debug|x64.ActiveCfg = Debug|x64
		{64B2613C-5B82-4038-8C77-EB9F3D42E39D}.Debug|x64.Build.0 = Debug|x64
		{64B2613C-5B82-4038-8C77-EB9F3D42E39D}.Release|Win32.ActiveCfg = Release|Win32
		{64B2613C-5B82-4038-8C77-EB9F3D42E39D}.Release|Win32.Build.0 = Release|Win32
		{64B2613C-5B82-4038-8C77-EB9F3D42E39D}.Release|x64.ActiveCfg = Release|x64
		{64B2613C-5B82-4038-8C77-EB9F3D42E39D}.Release|x64.Build.0 = Release|x64
		{476CA261-3588-4889-BE44-358203B1025B}.Debug|Win32.ActiveCfg = Debug|Win32
		{476CA261-3588-4889-BE44-358203B1025B}.Debug|Win32.Build.0 = Debug|Win32
		{476CA261-3588-4889-BE44-358203B1025B}.Debug|x64.ActiveCfg = Debug|x64
		{476CA261-3588-4889-BE44-358203B1025B}.Debug|x64.Build.0 = Debug|x64
		{476CA261-3588-4889-BE44-358203B1025B}.Release|Win32.ActiveCfg = Release|Win32
		{476CA261-3588-4889-BE44-358203B1025B}.Release|Win32.Build.0 = Release|Win32
		{476CA261-3588-4889-BE44-358203B1025B}.Release|x64.ActiveCfg = Release|x64
		{476CA261-3588-4889-BE44-358203B1025B}.Release|x64.Build.0 = Release|x64
		{FF30D074-47D8-493C-800C-461EEE154525}.Debug|Win32.ActiveCfg = Debug|Win32
		{FF30D074-47D8-493C-800C-461EEE154525}.Debug|Win32.Build.0 = Debug|Win32
		{FF30D074-47D8-493C-800C-461EEE154525}.Debug|x64.ActiveCfg = Debug|x64
		{FF30D074-47D8-493C-800C-461EEE154525}.Debug|x64.Build.0 = Debug|x64
		{FF30D074-47D8-493C-800C-461EEE154525}.Release|Win32.ActiveCfg = Release|Win32
		{FF30D074-47D8-493C-800C-461EEE154525}.Release|Win32.Build.0 = Release|Win32
		{FF30D074-47D8-493C-800C-461EEE154525}.Release|x64.ActiveCfg = Release|x64
		{FF30D074-47D8-493C-800C-461EEE154525}.Release|x64.Build.0 = Release|x64
		{F0D1A580-AEAF-429E-9A3F-E06A5FBB8E35}.Debug|Win32.ActiveCfg = Debug|Win32
		{F0D1A580-AEAF-429E-9A3F-E06A5FBB8E35}.Debug|Win32.Build.0 = Debug|Win32
		{F0D1A580-AEAF-429E-9A3F-E06A5FBB8E35}.Debug|x64.ActiveCfg = Debug|x64
		{F0D1A580-AEAF-429E-9A3F-E06A5FBB8E35}.Debug|x64.Build.0 = Debug|x64
		{F0D1A580-AEAF-429E-9A3F-E06A5FBB8E35}.Release|Win32.ActiveCfg = Release|Win32
		{F0D1A580-AEAF-429E-9A3F-E06A5FBB8E35}.Release|Win32.Build.0 = Release|Win32
		{F0D1A580-AEAF-429E-9A3F-E06A5FBB8E35}.Release|x64.ActiveCfg = Release|x64
		{F0D1A580-AEAF-429E-9A3F-E06A5FBB8E35}.Release|x64.Build.0 = Release|x64
		{C8629E57-4D6F-40FA-82FC-B39824195932}.Debug|Win32.ActiveCfg = Debug|Win32
		{C8629E57-4D6F-40FA-82FC-B39824195932}.Debug|Win32.Build.0 = Debug|Win32
		{C8629E57-4D6F-40FA-82FC-B39824195932}.Debug|x64.ActiveCfg = Debug|x64
		{C8629E57-4D6F-40FA-82FC-B39824195932}.Debug|x64.Build.0 = Debug|x64
		{C8629E57-4D6F-40FA-82FC-B39824195932}.Release|Win32.ActiveCfg = Release|Win32
		{C8629E57-4D6F-40FA-82FC-B39824195932}.Release|Win32.Build.0 = Release|Win32
		{C8629E57-4D6F-40FA-82FC-B39824195932}.Release|x64.ActiveCfg = Release|x64
		{C8629E57-4D6F-40FA-82FC-B39824195932}.Release|x64.Build.0 = Release|x64
		{4965ED05-2B79-427D-A8AB-38CD9B23EBF7}.Debug|Win32.ActiveCfg = Debug|Win32
		{4965ED05-2B79-427D-A8AB-38CD9B23EBF7}.Debug|Win32.Build.0 = Debug|Win32
		{4965ED05-2B79-427D-A8AB-38CD9B23EBF7}.Debug|x64.ActiveCfg = Debug|x64
		{4965ED05-2B79-427D-A8AB-38CD9B23EBF7}.Debug|x64.Build.0 = Debug|x64
		{4965ED05-2B79-427D-A8AB-38CD9B23EBF7}.Release|Win32.ActiveCfg = Release|Win32
		{4965ED05-2B79-427D-A8AB-38CD9B23EBF7}.Release|Win32.Build.0 = Release|Win32
		{4965ED05-2B79-427D-A8AB-38CD9B23EBF7}.Release|x64.ActiveCfg = Release|x64
		{4965ED05-2B79-427D-A8AB-38CD9B23EBF7}.Release|x64.Build.0 = Release|x64
		{58FE3116-5843-4C7A-90DA-21A13C8181CC}.Debug|Win32.ActiveCfg = Debug|Win32
		{58FE3116-5843-4C7A-90DA-21A13C8181CC}.Debug|Win32.Build.0 = Debug|Win32
		{58FE3116-5843-4C7A-90DA-21A13C8181CC}.Debug|x64.ActiveCfg = Debug|x64
		{58FE3116-5843-4C7A-90DA-21A13C8181CC}.Debug|x64.Build.0 = Debug|x64
		{58FE3116-5843-4C7A-90DA-21A13C8181CC}.Release|Win32.ActiveCfg = Release|Win32
		{58FE3116-5843-4C7A-90DA-21A13C8181CC}.Release|Win32.Build.0 = Release|Win32
		{58FE3116-5843-4C7A-90DA-21A13C8181CC}.Release|x64.ActiveCfg = Release|x64
		{58FE3116-5843-4C7A-90DA-21A13C8181CC}.Release|x64.Build.0 = Release|x64
		{A4161FA6-56F1-4A99-B291-3318458AB703}.Debug|Win32.ActiveCfg = Debug|Win32
		{A4161FA6-56F1-4A99-B291-3318458AB703}.Debug|Win32.Build.0 = Debug|Win32
		{A4161FA6-56F1-4A99-B291-3318458AB703}.Debug|x64.ActiveCfg = Debug|x64
		{A4161FA6-56F1-4A99-B291-3318458AB703}.Debug|x64.Build.0 = Debug|x64
		{A4161FA6-56F1-4A99-B291-3318458AB703}.Release|Win32.ActiveCfg = Release|Win32
		{A4161FA6-56F1-4A99-B291-3318458AB703}.Release|Win32.Build.0 = Release|Win32
		{A4161FA6-56F1-4A99-B291-3318458AB703}.Release|x64.ActiveCfg = Release|x64
		{A4161FA6-56F1-4A99-B291-3318458AB703}.Release|x64.Build.0 = Release|x64
		{8FC3C1C8-3D0B-4B5D-AD92-80A02FA49FAE}.Debug|Win32.ActiveCfg = Debug|Win32
		{8FC3C1C8-3D0B-4B5D-AD92-80A02FA49FAE}.Debug|Win32.Build.0 = Debug|Win32
		{8FC3C1C8-3D0B-4B5D-AD92-80A02FA49FAE}.Debug|x64.ActiveCfg = Debug|x64
		{8FC3C1C8-3D0B-4B5D-AD92-80A02FA49FAE}.Debug|x64.Build.0 = Debug|x64
		{8FC3C1C8-3D0B-4B5D-AD92-80A02FA49FAE}.Release|Win32.ActiveCfg = Release|Win32
		{8FC3C1C8-3D0B-4B5D-AD92-80A02FA49FAE}.Release|Win32.Build.0 = Release|Win32
		{8FC3C1C8-3D0B-4B5D-AD92-80A02FA49FAE}.Release|x64.ActiveCfg = Release|x64
		{8FC3C1C8-3D0B-4B5D-AD92-80A02FA49FAE}.Release|x64.Build.0 = Release|x64
		{F5D873AB-FA93-4F20-9643-5A291FDB4EE9}.Debug|Win32.ActiveCfg = Debug|Win32
		{F5D873AB-FA93-4F20-9643-5A291FDB4EE9}.Debug|Win32.Build.0 = Debug|Win32
		{F5D873AB-FA93-4F20-9643-5A291FDB4EE9}.Debug|x64.ActiveCfg = Debug|x64
		{F5D873AB-FA93-4F20-9643-5A291FDB4EE9}.Debug|x64.Build.0 = Debug|x64
		{F5D873AB-FA93-4F20-9643-5A291FDB4EE9}.Release|Win32.ActiveCfg = Release|Win32
		{F5D873AB-FA93-4F20-9643-5A291FDB4EE9}.Release|Win32.Build.0 = Release|Win32
		{F5D873AB-FA93-4F20-9643-5A291FDB4EE9}.Release|x64.ActiveCfg = Release|x64
		{F5D873AB-FA93-4F20-9643-5A291FDB4EE9}.Release|x64.Build.0 = Release|x64
		{0955E601-DABB-442D-AFFF-EB4B2BF331FD}.Debug|Win32.ActiveCfg = Debug|Win32
		{0955E601-DABB-442D-AFFF-EB4B2BF331FD}.Debug|Win32.Build.0 = Debug|Win32
		{0955E601-DABB-442D-AFFF-EB4B2BF331FD}.Debug|x64.ActiveCfg = Debug|x64
		{0955E601-DABB-442D-AFFF-EB4B2BF331FD}.Debug|x64.Build.0 = Debug|x64
		{0955E601-DABB-442D-AFFF-EB4B2BF331FD}.Release|Win32.ActiveCfg = Release|Win32
		{0955E601-DABB-442D-AFFF-EB4B2BF331FD}.Release|Win32.Build.0 = Release|Win32
		{0955E601-DABB-442D-AFFF-EB4B2BF331FD}.Release|x64.ActiveCfg = Release|x64
		{0955E601-DABB-442D-AFFF-EB4B2BF331FD}.Release|x64.Build.0 = Release|x64
	EndGlobalSection
	GlobalSection(SolutionProperties) = preSolution
		HideSolutionNode = FALSE
	EndGlobalSection
	GlobalSection(NestedProjects) = preSolution
		{C8629E57-4D6F-40FA-82FC-B39824195932} = {F525D60C-7AA0-4CE8-A959-237CEF39CC5E}
		{0955E601-DABB-442D-AFFF-EB4B2BF331FD} = {D18C9279-354A-4562-A07B-E58E19A7DE98}
	EndGlobalSection
	GlobalSection(ExtensibilityGlobals) = postSolution
		SolutionGuid = {DEF0183B-6D56-488A-AE87-84C8D823101E}
	EndGlobalSection
EndGlobal
